
Microsoft Visual Studio Solution File, Format Version 12.00
# Visual Studio Version 17
VisualStudioVersion = 17.3.32825.248
MinimumVisualStudioVersion = 10.0.40219.1
Project("{2150E333-8FDC-42A3-9474-1A3956D46DE8}") = "Solution Items", "Solution Items", "{0A9468F3-FF17-4919-9A71-7571431A8507}"
	ProjectSection(SolutionItems) = preProject
		.editorconfig = .editorconfig
	EndProjectSection
EndProject
Project("{2150E333-8FDC-42A3-9474-1A3956D46DE8}") = "1.Utility", "1.Utility", "{86DF58D2-5215-459E-A5E1-272E04E81DB8}"
EndProject
Project("{2150E333-8FDC-42A3-9474-1A3956D46DE8}") = "2.Sever", "2.Sever", "{5EBAFB10-BB07-4EFC-8821-F50E60B131C3}"
EndProject
Project("{9A19103F-16F7-4668-BE54-9A1E7A4F7556}") = "MyJwtHelper", "1.Utility\MyJwtHelper\MyJwtHelper.csproj", "{1AE00CFD-CDE5-4AB0-BC33-2E530D2B6572}"
EndProject
Project("{9A19103F-16F7-4668-BE54-9A1E7A4F7556}") = "MyUtility", "1.Utility\MyUtility\MyUtility.csproj", "{567A1234-C236-44DC-A969-9C1F135C94C2}"
EndProject
Project("{9A19103F-16F7-4668-BE54-9A1E7A4F7556}") = "MyDBContext", "2.Sever\DBContext\MyDBContext.csproj", "{4449D2D6-6905-4390-996E-96F3463BEA9F}"
EndProject
Project("{9A19103F-16F7-4668-BE54-9A1E7A4F7556}") = "GrpcMain", "2.Sever\GrpcMain\GrpcMain.csproj", "{41D6D293-35D3-41BC-B221-63D0D6A3FB5D}"
EndProject
Project("{9A19103F-16F7-4668-BE54-9A1E7A4F7556}") = "XNYAPI", "2.Sever\Api\XNYAPI.csproj", "{8321A463-9B87-4F1A-8B9A-FDDECE866B4E}"
EndProject
Project("{9A19103F-16F7-4668-BE54-9A1E7A4F7556}") = "MyEmailUtility", "1.Utility\MyEmailUtility\MyEmailUtility.csproj", "{63C0D2DF-F0E1-4414-91AC-05FD59A6043A}"
EndProject
Project("{2150E333-8FDC-42A3-9474-1A3956D46DE8}") = "Test", "Test", "{2961F4BF-ECDD-42B5-9557-DC39AFF7AACD}"
EndProject
Project("{9A19103F-16F7-4668-BE54-9A1E7A4F7556}") = "Test1", "99.Test\Test1\Test1.csproj", "{4F47B14D-1166-4E0A-8159-961D5D106EAA}"
EndProject
Project("{2150E333-8FDC-42A3-9474-1A3956D46DE8}") = "3.Client", "3.Client", "{BD55A21B-FAED-4B0F-8F4B-EB681BC748C7}"
EndProject
Project("{9A19103F-16F7-4668-BE54-9A1E7A4F7556}") = "MyClient", "3.Client\MyClient.csproj", "{91700E38-D00E-4005-9D39-656628CF1DB7}"
EndProject
Project("{9A19103F-16F7-4668-BE54-9A1E7A4F7556}") = "GrpcTest", "GrpcTest\GrpcTest.csproj", "{707FC45F-A860-4C84-B3DE-525844F18784}"
EndProject
Project("{9A19103F-16F7-4668-BE54-9A1E7A4F7556}") = "GRPCTest", "99.Test\GRPCTest\GRPCTest.csproj", "{4E842ECF-3338-476F-B7AF-59F8BC6669E7}"
EndProject
Project("{9A19103F-16F7-4668-BE54-9A1E7A4F7556}") = "BaseDefines", "2.Sever\BaseDefines\BaseDefines.csproj", "{5292F3FE-ABC2-4DC2-B9D8-30E744F3EEF2}"
EndProject
Project("{9A19103F-16F7-4668-BE54-9A1E7A4F7556}") = "Sever.ColdData", "Sever.ColdData\Sever.ColdData.csproj", "{60BF30D4-6679-4E6B-A2B4-7E43C11CECC3}"
EndProject
Project("{FAE04EC0-301F-11D3-BF4B-00C04F79EFBC}") = "Sever.DeviceProto", "Sever.DeviceProto\Sever.DeviceProto.csproj", "{0B73E5FC-10D0-4AC7-9DEC-DE475513723B}"
EndProject
Global
	GlobalSection(SolutionConfigurationPlatforms) = preSolution
		Debug|Any CPU = Debug|Any CPU
		Release|Any CPU = Release|Any CPU
	EndGlobalSection
	GlobalSection(ProjectConfigurationPlatforms) = postSolution
		{1AE00CFD-CDE5-4AB0-BC33-2E530D2B6572}.Debug|Any CPU.ActiveCfg = Debug|Any CPU
		{1AE00CFD-CDE5-4AB0-BC33-2E530D2B6572}.Debug|Any CPU.Build.0 = Debug|Any CPU
		{1AE00CFD-CDE5-4AB0-BC33-2E530D2B6572}.Release|Any CPU.ActiveCfg = Release|Any CPU
		{1AE00CFD-CDE5-4AB0-BC33-2E530D2B6572}.Release|Any CPU.Build.0 = Release|Any CPU
		{567A1234-C236-44DC-A969-9C1F135C94C2}.Debug|Any CPU.ActiveCfg = Debug|Any CPU
		{567A1234-C236-44DC-A969-9C1F135C94C2}.Debug|Any CPU.Build.0 = Debug|Any CPU
		{567A1234-C236-44DC-A969-9C1F135C94C2}.Release|Any CPU.ActiveCfg = Release|Any CPU
		{567A1234-C236-44DC-A969-9C1F135C94C2}.Release|Any CPU.Build.0 = Release|Any CPU
		{4449D2D6-6905-4390-996E-96F3463BEA9F}.Debug|Any CPU.ActiveCfg = Debug|Any CPU
		{4449D2D6-6905-4390-996E-96F3463BEA9F}.Debug|Any CPU.Build.0 = Debug|Any CPU
		{4449D2D6-6905-4390-996E-96F3463BEA9F}.Release|Any CPU.ActiveCfg = Release|Any CPU
		{4449D2D6-6905-4390-996E-96F3463BEA9F}.Release|Any CPU.Build.0 = Release|Any CPU
		{41D6D293-35D3-41BC-B221-63D0D6A3FB5D}.Debug|Any CPU.ActiveCfg = Debug|Any CPU
		{41D6D293-35D3-41BC-B221-63D0D6A3FB5D}.Debug|Any CPU.Build.0 = Debug|Any CPU
		{41D6D293-35D3-41BC-B221-63D0D6A3FB5D}.Release|Any CPU.ActiveCfg = Release|Any CPU
		{41D6D293-35D3-41BC-B221-63D0D6A3FB5D}.Release|Any CPU.Build.0 = Release|Any CPU
		{8321A463-9B87-4F1A-8B9A-FDDECE866B4E}.Debug|Any CPU.ActiveCfg = Debug|Any CPU
		{8321A463-9B87-4F1A-8B9A-FDDECE866B4E}.Debug|Any CPU.Build.0 = Debug|Any CPU
		{8321A463-9B87-4F1A-8B9A-FDDECE866B4E}.Release|Any CPU.ActiveCfg = Release|Any CPU
		{8321A463-9B87-4F1A-8B9A-FDDECE866B4E}.Release|Any CPU.Build.0 = Release|Any CPU
		{63C0D2DF-F0E1-4414-91AC-05FD59A6043A}.Debug|Any CPU.ActiveCfg = Debug|Any CPU
		{63C0D2DF-F0E1-4414-91AC-05FD59A6043A}.Debug|Any CPU.Build.0 = Debug|Any CPU
		{63C0D2DF-F0E1-4414-91AC-05FD59A6043A}.Release|Any CPU.ActiveCfg = Release|Any CPU
		{63C0D2DF-F0E1-4414-91AC-05FD59A6043A}.Release|Any CPU.Build.0 = Release|Any CPU
		{4F47B14D-1166-4E0A-8159-961D5D106EAA}.Debug|Any CPU.ActiveCfg = Debug|Any CPU
		{4F47B14D-1166-4E0A-8159-961D5D106EAA}.Debug|Any CPU.Build.0 = Debug|Any CPU
		{4F47B14D-1166-4E0A-8159-961D5D106EAA}.Release|Any CPU.ActiveCfg = Release|Any CPU
		{4F47B14D-1166-4E0A-8159-961D5D106EAA}.Release|Any CPU.Build.0 = Release|Any CPU
		{91700E38-D00E-4005-9D39-656628CF1DB7}.Debug|Any CPU.ActiveCfg = Debug|Any CPU
		{91700E38-D00E-4005-9D39-656628CF1DB7}.Debug|Any CPU.Build.0 = Debug|Any CPU
		{91700E38-D00E-4005-9D39-656628CF1DB7}.Release|Any CPU.ActiveCfg = Release|Any CPU
		{91700E38-D00E-4005-9D39-656628CF1DB7}.Release|Any CPU.Build.0 = Release|Any CPU
		{707FC45F-A860-4C84-B3DE-525844F18784}.Debug|Any CPU.ActiveCfg = Debug|Any CPU
		{707FC45F-A860-4C84-B3DE-525844F18784}.Debug|Any CPU.Build.0 = Debug|Any CPU
		{707FC45F-A860-4C84-B3DE-525844F18784}.Release|Any CPU.ActiveCfg = Release|Any CPU
		{707FC45F-A860-4C84-B3DE-525844F18784}.Release|Any CPU.Build.0 = Release|Any CPU
		{4E842ECF-3338-476F-B7AF-59F8BC6669E7}.Debug|Any CPU.ActiveCfg = Debug|Any CPU
		{4E842ECF-3338-476F-B7AF-59F8BC6669E7}.Debug|Any CPU.Build.0 = Debug|Any CPU
		{4E842ECF-3338-476F-B7AF-59F8BC6669E7}.Release|Any CPU.ActiveCfg = Release|Any CPU
		{4E842ECF-3338-476F-B7AF-59F8BC6669E7}.Release|Any CPU.Build.0 = Release|Any CPU
		{5292F3FE-ABC2-4DC2-B9D8-30E744F3EEF2}.Debug|Any CPU.ActiveCfg = Debug|Any CPU
		{5292F3FE-ABC2-4DC2-B9D8-30E744F3EEF2}.Debug|Any CPU.Build.0 = Debug|Any CPU
		{5292F3FE-ABC2-4DC2-B9D8-30E744F3EEF2}.Release|Any CPU.ActiveCfg = Release|Any CPU
		{5292F3FE-ABC2-4DC2-B9D8-30E744F3EEF2}.Release|Any CPU.Build.0 = Release|Any CPU
		{60BF30D4-6679-4E6B-A2B4-7E43C11CECC3}.Debug|Any CPU.ActiveCfg = Debug|Any CPU
		{60BF30D4-6679-4E6B-A2B4-7E43C11CECC3}.Debug|Any CPU.Build.0 = Debug|Any CPU
		{60BF30D4-6679-4E6B-A2B4-7E43C11CECC3}.Release|Any CPU.ActiveCfg = Release|Any CPU
		{60BF30D4-6679-4E6B-A2B4-7E43C11CECC3}.Release|Any CPU.Build.0 = Release|Any CPU
		{0B73E5FC-10D0-4AC7-9DEC-DE475513723B}.Debug|Any CPU.ActiveCfg = Debug|Any CPU
		{0B73E5FC-10D0-4AC7-9DEC-DE475513723B}.Debug|Any CPU.Build.0 = Debug|Any CPU
		{0B73E5FC-10D0-4AC7-9DEC-DE475513723B}.Release|Any CPU.ActiveCfg = Release|Any CPU
		{0B73E5FC-10D0-4AC7-9DEC-DE475513723B}.Release|Any CPU.Build.0 = Release|Any CPU
	EndGlobalSection
	GlobalSection(SolutionProperties) = preSolution
		HideSolutionNode = FALSE
	EndGlobalSection
	GlobalSection(NestedProjects) = preSolution
		{1AE00CFD-CDE5-4AB0-BC33-2E530D2B6572} = {86DF58D2-5215-459E-A5E1-272E04E81DB8}
		{567A1234-C236-44DC-A969-9C1F135C94C2} = {86DF58D2-5215-459E-A5E1-272E04E81DB8}
		{4449D2D6-6905-4390-996E-96F3463BEA9F} = {5EBAFB10-BB07-4EFC-8821-F50E60B131C3}
		{41D6D293-35D3-41BC-B221-63D0D6A3FB5D} = {5EBAFB10-BB07-4EFC-8821-F50E60B131C3}
		{8321A463-9B87-4F1A-8B9A-FDDECE866B4E} = {5EBAFB10-BB07-4EFC-8821-F50E60B131C3}
		{63C0D2DF-F0E1-4414-91AC-05FD59A6043A} = {86DF58D2-5215-459E-A5E1-272E04E81DB8}
		{4F47B14D-1166-4E0A-8159-961D5D106EAA} = {2961F4BF-ECDD-42B5-9557-DC39AFF7AACD}
		{91700E38-D00E-4005-9D39-656628CF1DB7} = {BD55A21B-FAED-4B0F-8F4B-EB681BC748C7}
		{4E842ECF-3338-476F-B7AF-59F8BC6669E7} = {2961F4BF-ECDD-42B5-9557-DC39AFF7AACD}
		{5292F3FE-ABC2-4DC2-B9D8-30E744F3EEF2} = {5EBAFB10-BB07-4EFC-8821-F50E60B131C3}
		{60BF30D4-6679-4E6B-A2B4-7E43C11CECC3} = {5EBAFB10-BB07-4EFC-8821-F50E60B131C3}
		{0B73E5FC-10D0-4AC7-9DEC-DE475513723B} = {5EBAFB10-BB07-4EFC-8821-F50E60B131C3}
	EndGlobalSection
	GlobalSection(ExtensibilityGlobals) = postSolution
		SolutionGuid = {0E17810C-DD97-4C64-8C32-E3E4FB2B015A}
	EndGlobalSection
EndGlobal
