
Microsoft Visual Studio Solution File, Format Version 12.00
# Visual Studio Version 17
VisualStudioVersion = 17.3.32825.248
MinimumVisualStudioVersion = 10.0.40219.1
Project("{2150E333-8FDC-42A3-9474-1A3956D46DE8}") = "Solution Items", "Solution Items", "{0A9468F3-FF17-4919-9A71-7571431A8507}"
	ProjectSection(SolutionItems) = preProject
		.editorconfig = .editorconfig
	EndProjectSection
EndProject
Project("{2150E333-8FDC-42A3-9474-1A3956D46DE8}") = "1.Utility", "1.Utility", "{86DF58D2-5215-459E-A5E1-272E04E81DB8}"
EndProject
Project("{2150E333-8FDC-42A3-9474-1A3956D46DE8}") = "2.Sever", "2.Sever", "{5EBAFB10-BB07-4EFC-8821-F50E60B131C3}"
EndProject
Project("{9A19103F-16F7-4668-BE54-9A1E7A4F7556}") = "MyJwtHelper", "1.Utility\MyJwtHelper\MyJwtHelper.csproj", "{1AE00CFD-CDE5-4AB0-BC33-2E530D2B6572}"
EndProject
Project("{9A19103F-16F7-4668-BE54-9A1E7A4F7556}") = "MyUtility", "1.Utility\MyUtility\MyUtility.csproj", "{567A1234-C236-44DC-A969-9C1F135C94C2}"
EndProject
Project("{9A19103F-16F7-4668-BE54-9A1E7A4F7556}") = "MyDBContext", "2.Sever\DBContext\MyDBContext.csproj", "{4449D2D6-6905-4390-996E-96F3463BEA9F}"
EndProject
Project("{9A19103F-16F7-4668-BE54-9A1E7A4F7556}") = "GrpcMain", "2.Sever\GrpcMain\GrpcMain.csproj", "{41D6D293-35D3-41BC-B221-63D0D6A3FB5D}"
EndProject
Project("{9A19103F-16F7-4668-BE54-9A1E7A4F7556}") = "XNYAPI", "2.Sever\Api\XNYAPI.csproj", "{8321A463-9B87-4F1A-8B9A-FDDECE866B4E}"
EndProject
Global
	GlobalSection(SolutionConfigurationPlatforms) = preSolution
		Debug|Any CPU = Debug|Any CPU
		Release|Any CPU = Release|Any CPU
	EndGlobalSection
	GlobalSection(ProjectConfigurationPlatforms) = postSolution
		{1AE00CFD-CDE5-4AB0-BC33-2E530D2B6572}.Debug|Any CPU.ActiveCfg = Debug|Any CPU
		{1AE00CFD-CDE5-4AB0-BC33-2E530D2B6572}.Debug|Any CPU.Build.0 = Debug|Any CPU
		{1AE00CFD-CDE5-4AB0-BC33-2E530D2B6572}.Release|Any CPU.ActiveCfg = Release|Any CPU
		{1AE00CFD-CDE5-4AB0-BC33-2E530D2B6572}.Release|Any CPU.Build.0 = Release|Any CPU
		{567A1234-C236-44DC-A969-9C1F135C94C2}.Debug|Any CPU.ActiveCfg = Debug|Any CPU
		{567A1234-C236-44DC-A969-9C1F135C94C2}.Debug|Any CPU.Build.0 = Debug|Any CPU
		{567A1234-C236-44DC-A969-9C1F135C94C2}.Release|Any CPU.ActiveCfg = Release|Any CPU
		{567A1234-C236-44DC-A969-9C1F135C94C2}.Release|Any CPU.Build.0 = Release|Any CPU
		{4449D2D6-6905-4390-996E-96F3463BEA9F}.Debug|Any CPU.ActiveCfg = Debug|Any CPU
		{4449D2D6-6905-4390-996E-96F3463BEA9F}.Debug|Any CPU.Build.0 = Debug|Any CPU
		{4449D2D6-6905-4390-996E-96F3463BEA9F}.Release|Any CPU.ActiveCfg = Release|Any CPU
		{4449D2D6-6905-4390-996E-96F3463BEA9F}.Release|Any CPU.Build.0 = Release|Any CPU
		{41D6D293-35D3-41BC-B221-63D0D6A3FB5D}.Debug|Any CPU.ActiveCfg = Debug|Any CPU
		{41D6D293-35D3-41BC-B221-63D0D6A3FB5D}.Debug|Any CPU.Build.0 = Debug|Any CPU
		{41D6D293-35D3-41BC-B221-63D0D6A3FB5D}.Release|Any CPU.ActiveCfg = Release|Any CPU
		{41D6D293-35D3-41BC-B221-63D0D6A3FB5D}.Release|Any CPU.Build.0 = Release|Any CPU
		{8321A463-9B87-4F1A-8B9A-FDDECE866B4E}.Debug|Any CPU.ActiveCfg = Debug|Any CPU
		{8321A463-9B87-4F1A-8B9A-FDDECE866B4E}.Debug|Any CPU.Build.0 = Debug|Any CPU
		{8321A463-9B87-4F1A-8B9A-FDDECE866B4E}.Release|Any CPU.ActiveCfg = Release|Any CPU
		{8321A463-9B87-4F1A-8B9A-FDDECE866B4E}.Release|Any CPU.Build.0 = Release|Any CPU
	EndGlobalSection
	GlobalSection(SolutionProperties) = preSolution
		HideSolutionNode = FALSE
	EndGlobalSection
	GlobalSection(NestedProjects) = preSolution
		{1AE00CFD-CDE5-4AB0-BC33-2E530D2B6572} = {86DF58D2-5215-459E-A5E1-272E04E81DB8}
		{567A1234-C236-44DC-A969-9C1F135C94C2} = {86DF58D2-5215-459E-A5E1-272E04E81DB8}
		{4449D2D6-6905-4390-996E-96F3463BEA9F} = {5EBAFB10-BB07-4EFC-8821-F50E60B131C3}
		{41D6D293-35D3-41BC-B221-63D0D6A3FB5D} = {5EBAFB10-BB07-4EFC-8821-F50E60B131C3}
		{8321A463-9B87-4F1A-8B9A-FDDECE866B4E} = {5EBAFB10-BB07-4EFC-8821-F50E60B131C3}
	EndGlobalSection
	GlobalSection(ExtensibilityGlobals) = postSolution
		SolutionGuid = {0E17810C-DD97-4C64-8C32-E3E4FB2B015A}
	EndGlobalSection
EndGlobal
