
Microsoft Visual Studio Solution File, Format Version 12.00
# Visual Studio Version 16
VisualStudioVersion = 16.0.31911.196
MinimumVisualStudioVersion = 10.0.40219.1
Project("{FAE04EC0-301F-11D3-BF4B-00C04F79EFBC}") = "XNYAPI", "XNYAPI\XNYAPI.csproj", "{8FF0CB30-21E6-4FB9-B11C-C84AEF231FC9}"
EndProject
Global
	GlobalSection(SolutionConfigurationPlatforms) = preSolution
		Debug|Any CPU = Debug|Any CPU
		Release|Any CPU = Release|Any CPU
	EndGlobalSection
	GlobalSection(ProjectConfigurationPlatforms) = postSolution
		{8FF0CB30-21E6-4FB9-B11C-C84AEF231FC9}.Debug|Any CPU.ActiveCfg = Debug|Any CPU
		{8FF0CB30-21E6-4FB9-B11C-C84AEF231FC9}.Debug|Any CPU.Build.0 = Debug|Any CPU
		{8FF0CB30-21E6-4FB9-B11C-C84AEF231FC9}.Release|Any CPU.ActiveCfg = Release|Any CPU
		{8FF0CB30-21E6-4FB9-B11C-C84AEF231FC9}.Release|Any CPU.Build.0 = Release|Any CPU
	EndGlobalSection
	GlobalSection(SolutionProperties) = preSolution
		HideSolutionNode = FALSE
	EndGlobalSection
	GlobalSection(ExtensibilityGlobals) = postSolution
		SolutionGuid = {8C3CCC15-517E-4ECD-B5F4-8FE92DC0F4FC}
	EndGlobalSection
EndGlobal
